# This file was autogenerated by Stack.
# You should not edit this file by hand.
# For more information, please see the documentation at:
#   https://docs.haskellstack.org/en/stable/lock_files

packages:
- completed:
    hackage: grpc-haskell-0.1.0@sha256:af109db9bf7d7d00a5088fb30dab1a03e3c54b19c66dc1ac0d8d61217524d11b,6334
    pantry-tree:
      sha256: d02f71fad7f9c8d734c30d6c039f1ad98e210e416ddb960c961d0669a4c184fc
      size: 1934
  original:
    hackage: grpc-haskell-0.1.0@sha256:af109db9bf7d7d00a5088fb30dab1a03e3c54b19c66dc1ac0d8d61217524d11b,6334
- completed:
    hackage: grpc-haskell-core-0.1.0@sha256:50adbefd11be9e8b72ea98b7c3b5a4b2879fea211de4552b9759b91f2d4d8c51,3304
    pantry-tree:
      sha256: 5225c7c8413b57b43e94ec64a7efbc107fa764ccf66eb1fa6a7be22e5a98c683
      size: 2330
  original:
    hackage: grpc-haskell-core-0.1.0@sha256:50adbefd11be9e8b72ea98b7c3b5a4b2879fea211de4552b9759b91f2d4d8c51,3304
- completed:
    hackage: proto3-suite-0.4.2@sha256:1d6cb5807250df144d550bb621b4aa20d6870907f84413860375cd30bcc935e9,6253
    pantry-tree:
      sha256: dc14b7edce979a67a60b6d789c8b4863c87981529f53b0ba490555fd71f1fe8b
      size: 3119
  original:
    hackage: proto3-suite-0.4.2@sha256:1d6cb5807250df144d550bb621b4aa20d6870907f84413860375cd30bcc935e9,6253
- completed:
    hackage: clock-0.8@sha256:b4ae207e2d3761450060a0d0feb873269233898039c76fceef9cc1a544067767,4113
    pantry-tree:
      sha256: d9ac8ce6a19812fe74cb1e74228e6e624eda19021ff4d12e24611f88abacd38a
      size: 446
  original:
    hackage: clock-0.8@sha256:b4ae207e2d3761450060a0d0feb873269233898039c76fceef9cc1a544067767,4113
snapshots:
- completed:
    sha256: f74c482d7c93739ecf3abfbc0f2dea1c20a2dfb2462c689846ed55a9653b66f7
    size: 587113
    url: https://raw.githubusercontent.com/commercialhaskell/stackage-snapshots/master/lts/18/6.yaml
  original: lts-18.6
